
Microsoft Visual Studio Solution File, Format Version 12.00
# Visual Studio 15
VisualStudioVersion = 15.0.26403.3
MinimumVisualStudioVersion = 10.0.40219.1
Project("{FAE04EC0-301F-11D3-BF4B-00C04F79EFBC}") = "Example02", "Example02\Example02.csproj", "{D7CC228B-13A6-4411-A12E-8BBFD79F088D}"
EndProject
Project("{FAE04EC0-301F-11D3-BF4B-00C04F79EFBC}") = "Example01", "Example01\Example01.csproj", "{CE8AB907-57AB-4DDD-BC5B-3AA9EF5E6F47}"
EndProject
Global
	GlobalSection(SolutionConfigurationPlatforms) = preSolution
		Debug|Any CPU = Debug|Any CPU
		Release|Any CPU = Release|Any CPU
	EndGlobalSection
	GlobalSection(ProjectConfigurationPlatforms) = postSolution
		{D7CC228B-13A6-4411-A12E-8BBFD79F088D}.Debug|Any CPU.ActiveCfg = Debug|Any CPU
		{D7CC228B-13A6-4411-A12E-8BBFD79F088D}.Debug|Any CPU.Build.0 = Debug|Any CPU
		{D7CC228B-13A6-4411-A12E-8BBFD79F088D}.Release|Any CPU.ActiveCfg = Release|Any CPU
		{D7CC228B-13A6-4411-A12E-8BBFD79F088D}.Release|Any CPU.Build.0 = Release|Any CPU
		{CE8AB907-57AB-4DDD-BC5B-3AA9EF5E6F47}.Debug|Any CPU.ActiveCfg = Debug|Any CPU
		{CE8AB907-57AB-4DDD-BC5B-3AA9EF5E6F47}.Debug|Any CPU.Build.0 = Debug|Any CPU
		{CE8AB907-57AB-4DDD-BC5B-3AA9EF5E6F47}.Release|Any CPU.ActiveCfg = Release|Any CPU
		{CE8AB907-57AB-4DDD-BC5B-3AA9EF5E6F47}.Release|Any CPU.Build.0 = Release|Any CPU
	EndGlobalSection
	GlobalSection(SolutionProperties) = preSolution
		HideSolutionNode = FALSE
	EndGlobalSection
EndGlobal
